
Microsoft Visual Studio Solution File, Format Version 12.00
# Visual Studio Version 16
VisualStudioVersion = 16.0.32106.194
MinimumVisualStudioVersion = 10.0.40219.1
Project("{9A19103F-16F7-4668-BE54-9A1E7A4F7556}") = "BServerCRUD", "BServerCRUD\BServerCRUD.csproj", "{45894415-C555-4486-AC15-07F0E9053C97}"
EndProject
Project("{9A19103F-16F7-4668-BE54-9A1E7A4F7556}") = "Infrastructure", "Infrastructure\Infrastructure.csproj", "{8FA97A03-436D-44AF-8C7F-6FFF3757CDA7}"
EndProject
Global
	GlobalSection(SolutionConfigurationPlatforms) = preSolution
		Debug|Any CPU = Debug|Any CPU
		Release|Any CPU = Release|Any CPU
	EndGlobalSection
	GlobalSection(ProjectConfigurationPlatforms) = postSolution
		{45894415-C555-4486-AC15-07F0E9053C97}.Debug|Any CPU.ActiveCfg = Debug|Any CPU
		{45894415-C555-4486-AC15-07F0E9053C97}.Debug|Any CPU.Build.0 = Debug|Any CPU
		{45894415-C555-4486-AC15-07F0E9053C97}.Release|Any CPU.ActiveCfg = Release|Any CPU
		{45894415-C555-4486-AC15-07F0E9053C97}.Release|Any CPU.Build.0 = Release|Any CPU
		{8FA97A03-436D-44AF-8C7F-6FFF3757CDA7}.Debug|Any CPU.ActiveCfg = Debug|Any CPU
		{8FA97A03-436D-44AF-8C7F-6FFF3757CDA7}.Debug|Any CPU.Build.0 = Debug|Any CPU
		{8FA97A03-436D-44AF-8C7F-6FFF3757CDA7}.Release|Any CPU.ActiveCfg = Release|Any CPU
		{8FA97A03-436D-44AF-8C7F-6FFF3757CDA7}.Release|Any CPU.Build.0 = Release|Any CPU
	EndGlobalSection
	GlobalSection(SolutionProperties) = preSolution
		HideSolutionNode = FALSE
	EndGlobalSection
	GlobalSection(ExtensibilityGlobals) = postSolution
		SolutionGuid = {004F5B57-F25A-409F-B665-BAD480D3A87C}
	EndGlobalSection
EndGlobal
